
Microsoft Visual Studio Solution File, Format Version 12.00
# Visual Studio Version 17
VisualStudioVersion = 17.5.33414.496
MinimumVisualStudioVersion = 10.0.40219.1
Project("{FAE04EC0-301F-11D3-BF4B-00C04F79EFBC}") = "tpmodul10_1302213131", "tpmodul10_1302213131\tpmodul10_1302213131.csproj", "{BE476D10-8F52-4BD6-8464-7977C64E64DC}"
EndProject
Project("{FAE04EC0-301F-11D3-BF4B-00C04F79EFBC}") = "main_method", "main_method\main_method.csproj", "{F74A42E5-498B-455B-961F-E00E6CFC6A46}"
EndProject
Global
	GlobalSection(SolutionConfigurationPlatforms) = preSolution
		Debug|Any CPU = Debug|Any CPU
		Release|Any CPU = Release|Any CPU
	EndGlobalSection
	GlobalSection(ProjectConfigurationPlatforms) = postSolution
		{BE476D10-8F52-4BD6-8464-7977C64E64DC}.Debug|Any CPU.ActiveCfg = Debug|Any CPU
		{BE476D10-8F52-4BD6-8464-7977C64E64DC}.Debug|Any CPU.Build.0 = Debug|Any CPU
		{BE476D10-8F52-4BD6-8464-7977C64E64DC}.Release|Any CPU.ActiveCfg = Release|Any CPU
		{BE476D10-8F52-4BD6-8464-7977C64E64DC}.Release|Any CPU.Build.0 = Release|Any CPU
		{F74A42E5-498B-455B-961F-E00E6CFC6A46}.Debug|Any CPU.ActiveCfg = Debug|Any CPU
		{F74A42E5-498B-455B-961F-E00E6CFC6A46}.Debug|Any CPU.Build.0 = Debug|Any CPU
		{F74A42E5-498B-455B-961F-E00E6CFC6A46}.Release|Any CPU.ActiveCfg = Release|Any CPU
		{F74A42E5-498B-455B-961F-E00E6CFC6A46}.Release|Any CPU.Build.0 = Release|Any CPU
	EndGlobalSection
	GlobalSection(SolutionProperties) = preSolution
		HideSolutionNode = FALSE
	EndGlobalSection
	GlobalSection(ExtensibilityGlobals) = postSolution
		SolutionGuid = {2C89D0A1-0F00-4EA3-A4EC-92BEA5C7410F}
	EndGlobalSection
EndGlobal
